// !$*UTF8*$!
{
	archiveVersion = 1;
	classes = {
	};
	objectVersion = 46;
	objects = {

/* Begin PBXBuildFile section */
		5E6AE6ED1EA7EDB600963F85 /* digit_4.jpg in Resources */ = {isa = PBXBuildFile; fileRef = 5E6AE6EA1EA7EDB600963F85 /* digit_4.jpg */; };
		5E6AE6EE1EA7EDB600963F85 /* train-images.idx3-ubyte in Resources */ = {isa = PBXBuildFile; fileRef = 5E6AE6EB1EA7EDB600963F85 /* train-images.idx3-ubyte */; };
		5E6AE6EF1EA7EDB600963F85 /* train-labels.idx1-ubyte in Resources */ = {isa = PBXBuildFile; fileRef = 5E6AE6EC1EA7EDB600963F85 /* train-labels.idx1-ubyte */; };
		5E6AE6F11EA7EE6700963F85 /* libjpeg.a in Frameworks */ = {isa = PBXBuildFile; fileRef = 5E6AE6F01EA7EE6700963F85 /* libjpeg.a */; };
		5E6AE6F61EA7F4C500963F85 /* digitRecognize.cpp in Sources */ = {isa = PBXBuildFile; fileRef = 5E6AE6F21EA7F4C500963F85 /* digitRecognize.cpp */; };
		5E6AE6F71EA7F4C500963F85 /* outputNumber.cpp in Sources */ = {isa = PBXBuildFile; fileRef = 5E6AE6F41EA7F4C500963F85 /* outputNumber.cpp */; };
		C868EC9C1E9585DB008449A3 /* main.m in Sources */ = {isa = PBXBuildFile; fileRef = C868EC9B1E9585DB008449A3 /* main.m */; };
		C868EC9F1E9585DB008449A3 /* AppDelegate.m in Sources */ = {isa = PBXBuildFile; fileRef = C868EC9E1E9585DB008449A3 /* AppDelegate.m */; };
		C868ECA21E9585DB008449A3 /* ViewController.mm in Sources */ = {isa = PBXBuildFile; fileRef = C868ECA11E9585DB008449A3 /* ViewController.mm */; };
		C868ECA51E9585DB008449A3 /* Main.storyboard in Resources */ = {isa = PBXBuildFile; fileRef = C868ECA31E9585DB008449A3 /* Main.storyboard */; };
		C868ECA71E9585DC008449A3 /* Assets.xcassets in Resources */ = {isa = PBXBuildFile; fileRef = C868ECA61E9585DC008449A3 /* Assets.xcassets */; };
		C868ECAA1E9585DC008449A3 /* LaunchScreen.storyboard in Resources */ = {isa = PBXBuildFile; fileRef = C868ECA81E9585DC008449A3 /* LaunchScreen.storyboard */; };
		C868ECB31E95B0F5008449A3 /* Accelerate.framework in Frameworks */ = {isa = PBXBuildFile; fileRef = C868ECB21E95B0F5008449A3 /* Accelerate.framework */; };
		C868ECB81E95B119008449A3 /* armadillo in Resources */ = {isa = PBXBuildFile; fileRef = C868ECB61E95B119008449A3 /* armadillo */; };
		C868ECB91E95B119008449A3 /* armadillo_bits in Resources */ = {isa = PBXBuildFile; fileRef = C868ECB71E95B119008449A3 /* armadillo_bits */; };
		C868ECBB1E95B24A008449A3 /* AVFoundation.framework in Frameworks */ = {isa = PBXBuildFile; fileRef = C868ECBA1E95B24A008449A3 /* AVFoundation.framework */; };
		C868ECBD1E95D35D008449A3 /* sudoku.JPG in Resources */ = {isa = PBXBuildFile; fileRef = C868ECBC1E95D35D008449A3 /* sudoku.JPG */; };
		C868ECC31E99FCC9008449A3 /* solver.cpp in Sources */ = {isa = PBXBuildFile; fileRef = C868ECC11E99FCC9008449A3 /* solver.cpp */; };
		C87D5A301E9AA8DA0061CDEF /* opencv2.framework in Frameworks */ = {isa = PBXBuildFile; fileRef = C87D5A2F1E9AA8DA0061CDEF /* opencv2.framework */; };
/* End PBXBuildFile section */

/* Begin PBXFileReference section */
		5E6AE6EA1EA7EDB600963F85 /* digit_4.jpg */ = {isa = PBXFileReference; lastKnownFileType = image.jpeg; path = digit_4.jpg; sourceTree = "<group>"; };
		5E6AE6EB1EA7EDB600963F85 /* train-images.idx3-ubyte */ = {isa = PBXFileReference; lastKnownFileType = file; path = "train-images.idx3-ubyte"; sourceTree = "<group>"; };
		5E6AE6EC1EA7EDB600963F85 /* train-labels.idx1-ubyte */ = {isa = PBXFileReference; lastKnownFileType = file; path = "train-labels.idx1-ubyte"; sourceTree = "<group>"; };
		5E6AE6F01EA7EE6700963F85 /* libjpeg.a */ = {isa = PBXFileReference; lastKnownFileType = archive.ar; name = libjpeg.a; path = cvSudoku/libjpeg.a; sourceTree = "<group>"; };
		5E6AE6F21EA7F4C500963F85 /* digitRecognize.cpp */ = {isa = PBXFileReference; fileEncoding = 4; lastKnownFileType = sourcecode.cpp.cpp; path = digitRecognize.cpp; sourceTree = "<group>"; };
		5E6AE6F31EA7F4C500963F85 /* digitRecognize.h */ = {isa = PBXFileReference; fileEncoding = 4; lastKnownFileType = sourcecode.c.h; path = digitRecognize.h; sourceTree = "<group>"; };
		5E6AE6F41EA7F4C500963F85 /* outputNumber.cpp */ = {isa = PBXFileReference; fileEncoding = 4; lastKnownFileType = sourcecode.cpp.cpp; path = outputNumber.cpp; sourceTree = "<group>"; };
		5E6AE6F51EA7F4C500963F85 /* outputNumber.hpp */ = {isa = PBXFileReference; fileEncoding = 4; lastKnownFileType = sourcecode.cpp.h; path = outputNumber.hpp; sourceTree = "<group>"; };
		C868EC971E9585DB008449A3 /* cvSudoku.app */ = {isa = PBXFileReference; explicitFileType = wrapper.application; includeInIndex = 0; path = cvSudoku.app; sourceTree = BUILT_PRODUCTS_DIR; };
		C868EC9B1E9585DB008449A3 /* main.m */ = {isa = PBXFileReference; lastKnownFileType = sourcecode.c.objc; path = main.m; sourceTree = "<group>"; };
		C868EC9D1E9585DB008449A3 /* AppDelegate.h */ = {isa = PBXFileReference; lastKnownFileType = sourcecode.c.h; path = AppDelegate.h; sourceTree = "<group>"; };
		C868EC9E1E9585DB008449A3 /* AppDelegate.m */ = {isa = PBXFileReference; lastKnownFileType = sourcecode.c.objc; path = AppDelegate.m; sourceTree = "<group>"; };
		C868ECA01E9585DB008449A3 /* ViewController.h */ = {isa = PBXFileReference; lastKnownFileType = sourcecode.c.h; path = ViewController.h; sourceTree = "<group>"; };
		C868ECA11E9585DB008449A3 /* ViewController.mm */ = {isa = PBXFileReference; lastKnownFileType = sourcecode.cpp.objcpp; path = ViewController.mm; sourceTree = "<group>"; };
		C868ECA41E9585DB008449A3 /* Base */ = {isa = PBXFileReference; lastKnownFileType = file.storyboard; name = Base; path = Base.lproj/Main.storyboard; sourceTree = "<group>"; };
		C868ECA61E9585DC008449A3 /* Assets.xcassets */ = {isa = PBXFileReference; lastKnownFileType = folder.assetcatalog; path = Assets.xcassets; sourceTree = "<group>"; };
		C868ECA91E9585DC008449A3 /* Base */ = {isa = PBXFileReference; lastKnownFileType = file.storyboard; name = Base; path = Base.lproj/LaunchScreen.storyboard; sourceTree = "<group>"; };
		C868ECAB1E9585DC008449A3 /* Info.plist */ = {isa = PBXFileReference; lastKnownFileType = text.plist.xml; path = Info.plist; sourceTree = "<group>"; };
		C868ECB21E95B0F5008449A3 /* Accelerate.framework */ = {isa = PBXFileReference; lastKnownFileType = wrapper.framework; name = Accelerate.framework; path = System/Library/Frameworks/Accelerate.framework; sourceTree = SDKROOT; };
		C868ECB61E95B119008449A3 /* armadillo */ = {isa = PBXFileReference; fileEncoding = 4; lastKnownFileType = text; path = armadillo; sourceTree = "<group>"; };
		C868ECB71E95B119008449A3 /* armadillo_bits */ = {isa = PBXFileReference; lastKnownFileType = folder; path = armadillo_bits; sourceTree = "<group>"; };
		C868ECBA1E95B24A008449A3 /* AVFoundation.framework */ = {isa = PBXFileReference; lastKnownFileType = wrapper.framework; name = AVFoundation.framework; path = System/Library/Frameworks/AVFoundation.framework; sourceTree = SDKROOT; };
		C868ECBC1E95D35D008449A3 /* sudoku.JPG */ = {isa = PBXFileReference; lastKnownFileType = image.jpeg; path = sudoku.JPG; sourceTree = "<group>"; };
		C868ECC11E99FCC9008449A3 /* solver.cpp */ = {isa = PBXFileReference; fileEncoding = 4; lastKnownFileType = sourcecode.cpp.cpp; path = solver.cpp; sourceTree = "<group>"; };
		C868ECC51E99FE16008449A3 /* solver.h */ = {isa = PBXFileReference; fileEncoding = 4; lastKnownFileType = sourcecode.c.h; path = solver.h; sourceTree = "<group>"; };
		C87D5A2F1E9AA8DA0061CDEF /* opencv2.framework */ = {isa = PBXFileReference; lastKnownFileType = wrapper.framework; path = opencv2.framework; sourceTree = "<group>"; };
/* End PBXFileReference section */

/* Begin PBXFrameworksBuildPhase section */
		C868EC941E9585DB008449A3 /* Frameworks */ = {
			isa = PBXFrameworksBuildPhase;
			buildActionMask = 2147483647;
			files = (
				5E6AE6F11EA7EE6700963F85 /* libjpeg.a in Frameworks */,
				C87D5A301E9AA8DA0061CDEF /* opencv2.framework in Frameworks */,
				C868ECBB1E95B24A008449A3 /* AVFoundation.framework in Frameworks */,
				C868ECB31E95B0F5008449A3 /* Accelerate.framework in Frameworks */,
			);
			runOnlyForDeploymentPostprocessing = 0;
		};
/* End PBXFrameworksBuildPhase section */

/* Begin PBXGroup section */
		5E6AE6E91EA7EDB600963F85 /* Resources */ = {
			isa = PBXGroup;
			children = (
				5E6AE6EA1EA7EDB600963F85 /* digit_4.jpg */,
				5E6AE6EB1EA7EDB600963F85 /* train-images.idx3-ubyte */,
				5E6AE6EC1EA7EDB600963F85 /* train-labels.idx1-ubyte */,
			);
			name = Resources;
			path = cvSudoku/Resources;
			sourceTree = "<group>";
		};
		C868EC8E1E9585DB008449A3 = {
			isa = PBXGroup;
			children = (
				5E6AE6E91EA7EDB600963F85 /* Resources */,
				C868EC991E9585DB008449A3 /* cvSudoku */,
				C868EC981E9585DB008449A3 /* Products */,
				C868ECB11E95B0F5008449A3 /* Frameworks */,
			);
			sourceTree = "<group>";
		};
		C868EC981E9585DB008449A3 /* Products */ = {
			isa = PBXGroup;
			children = (
				C868EC971E9585DB008449A3 /* cvSudoku.app */,
			);
			name = Products;
			sourceTree = "<group>";
		};
		C868EC991E9585DB008449A3 /* cvSudoku */ = {
			isa = PBXGroup;
			children = (
				5E6AE6F21EA7F4C500963F85 /* digitRecognize.cpp */,
				5E6AE6F31EA7F4C500963F85 /* digitRecognize.h */,
				5E6AE6F41EA7F4C500963F85 /* outputNumber.cpp */,
				5E6AE6F51EA7F4C500963F85 /* outputNumber.hpp */,
				C868ECC51E99FE16008449A3 /* solver.h */,
				C868ECC11E99FCC9008449A3 /* solver.cpp */,
				C868EC9D1E9585DB008449A3 /* AppDelegate.h */,
				C868EC9E1E9585DB008449A3 /* AppDelegate.m */,
				C868ECA01E9585DB008449A3 /* ViewController.h */,
				C868ECA11E9585DB008449A3 /* ViewController.mm */,
				C868ECA31E9585DB008449A3 /* Main.storyboard */,
				C868ECA61E9585DC008449A3 /* Assets.xcassets */,
				C868ECA81E9585DC008449A3 /* LaunchScreen.storyboard */,
				C868ECAB1E9585DC008449A3 /* Info.plist */,
				C868EC9A1E9585DB008449A3 /* Supporting Files */,
			);
			path = cvSudoku;
			sourceTree = "<group>";
		};
		C868EC9A1E9585DB008449A3 /* Supporting Files */ = {
			isa = PBXGroup;
			children = (
				C868ECBC1E95D35D008449A3 /* sudoku.JPG */,
				C868ECB61E95B119008449A3 /* armadillo */,
				C868ECB71E95B119008449A3 /* armadillo_bits */,
				C868EC9B1E9585DB008449A3 /* main.m */,
			);
			name = "Supporting Files";
			sourceTree = "<group>";
		};
		C868ECB11E95B0F5008449A3 /* Frameworks */ = {
			isa = PBXGroup;
			children = (
				5E6AE6F01EA7EE6700963F85 /* libjpeg.a */,
				C87D5A2F1E9AA8DA0061CDEF /* opencv2.framework */,
				C868ECBA1E95B24A008449A3 /* AVFoundation.framework */,
				C868ECB21E95B0F5008449A3 /* Accelerate.framework */,
			);
			name = Frameworks;
			sourceTree = "<group>";
		};
/* End PBXGroup section */

/* Begin PBXNativeTarget section */
		C868EC961E9585DB008449A3 /* cvSudoku */ = {
			isa = PBXNativeTarget;
			buildConfigurationList = C868ECAE1E9585DC008449A3 /* Build configuration list for PBXNativeTarget "cvSudoku" */;
			buildPhases = (
				C868EC931E9585DB008449A3 /* Sources */,
				C868EC941E9585DB008449A3 /* Frameworks */,
				C868EC951E9585DB008449A3 /* Resources */,
			);
			buildRules = (
			);
			dependencies = (
			);
			name = cvSudoku;
			productName = cvSudoku;
			productReference = C868EC971E9585DB008449A3 /* cvSudoku.app */;
			productType = "com.apple.product-type.application";
		};
/* End PBXNativeTarget section */

/* Begin PBXProject section */
		C868EC8F1E9585DB008449A3 /* Project object */ = {
			isa = PBXProject;
			attributes = {
				LastUpgradeCheck = 0830;
				ORGANIZATIONNAME = CMU;
				TargetAttributes = {
					C868EC961E9585DB008449A3 = {
						CreatedOnToolsVersion = 8.3;
						DevelopmentTeam = LS84KU9524;
						ProvisioningStyle = Automatic;
					};
				};
			};
			buildConfigurationList = C868EC921E9585DB008449A3 /* Build configuration list for PBXProject "cvSudoku" */;
			compatibilityVersion = "Xcode 3.2";
			developmentRegion = English;
			hasScannedForEncodings = 0;
			knownRegions = (
				en,
				Base,
			);
			mainGroup = C868EC8E1E9585DB008449A3;
			productRefGroup = C868EC981E9585DB008449A3 /* Products */;
			projectDirPath = "";
			projectRoot = "";
			targets = (
				C868EC961E9585DB008449A3 /* cvSudoku */,
			);
		};
/* End PBXProject section */

/* Begin PBXResourcesBuildPhase section */
		C868EC951E9585DB008449A3 /* Resources */ = {
			isa = PBXResourcesBuildPhase;
			buildActionMask = 2147483647;
			files = (
				C868ECAA1E9585DC008449A3 /* LaunchScreen.storyboard in Resources */,
				5E6AE6EF1EA7EDB600963F85 /* train-labels.idx1-ubyte in Resources */,
				C868ECB91E95B119008449A3 /* armadillo_bits in Resources */,
				C868ECBD1E95D35D008449A3 /* sudoku.JPG in Resources */,
				C868ECA71E9585DC008449A3 /* Assets.xcassets in Resources */,
				5E6AE6EE1EA7EDB600963F85 /* train-images.idx3-ubyte in Resources */,
				5E6AE6ED1EA7EDB600963F85 /* digit_4.jpg in Resources */,
				C868ECB81E95B119008449A3 /* armadillo in Resources */,
				C868ECA51E9585DB008449A3 /* Main.storyboard in Resources */,
			);
			runOnlyForDeploymentPostprocessing = 0;
		};
/* End PBXResourcesBuildPhase section */

/* Begin PBXSourcesBuildPhase section */
		C868EC931E9585DB008449A3 /* Sources */ = {
			isa = PBXSourcesBuildPhase;
			buildActionMask = 2147483647;
			files = (
				C868ECA21E9585DB008449A3 /* ViewController.mm in Sources */,
				5E6AE6F61EA7F4C500963F85 /* digitRecognize.cpp in Sources */,
				C868EC9F1E9585DB008449A3 /* AppDelegate.m in Sources */,
				C868ECC31E99FCC9008449A3 /* solver.cpp in Sources */,
				C868EC9C1E9585DB008449A3 /* main.m in Sources */,
				5E6AE6F71EA7F4C500963F85 /* outputNumber.cpp in Sources */,
			);
			runOnlyForDeploymentPostprocessing = 0;
		};
/* End PBXSourcesBuildPhase section */

/* Begin PBXVariantGroup section */
		C868ECA31E9585DB008449A3 /* Main.storyboard */ = {
			isa = PBXVariantGroup;
			children = (
				C868ECA41E9585DB008449A3 /* Base */,
			);
			name = Main.storyboard;
			sourceTree = "<group>";
		};
		C868ECA81E9585DC008449A3 /* LaunchScreen.storyboard */ = {
			isa = PBXVariantGroup;
			children = (
				C868ECA91E9585DC008449A3 /* Base */,
			);
			name = LaunchScreen.storyboard;
			sourceTree = "<group>";
		};
/* End PBXVariantGroup section */

/* Begin XCBuildConfiguration section */
		C868ECAC1E9585DC008449A3 /* Debug */ = {
			isa = XCBuildConfiguration;
			buildSettings = {
				ALWAYS_SEARCH_USER_PATHS = NO;
				CLANG_ANALYZER_NONNULL = YES;
				CLANG_ANALYZER_NUMBER_OBJECT_CONVERSION = YES_AGGRESSIVE;
				CLANG_CXX_LANGUAGE_STANDARD = "gnu++0x";
				CLANG_CXX_LIBRARY = "libc++";
				CLANG_ENABLE_MODULES = YES;
				CLANG_ENABLE_OBJC_ARC = YES;
				CLANG_WARN_BOOL_CONVERSION = YES;
				CLANG_WARN_CONSTANT_CONVERSION = YES;
				CLANG_WARN_DIRECT_OBJC_ISA_USAGE = YES_ERROR;
				CLANG_WARN_DOCUMENTATION_COMMENTS = YES;
				CLANG_WARN_EMPTY_BODY = YES;
				CLANG_WARN_ENUM_CONVERSION = YES;
				CLANG_WARN_INFINITE_RECURSION = YES;
				CLANG_WARN_INT_CONVERSION = YES;
				CLANG_WARN_OBJC_ROOT_CLASS = YES_ERROR;
				CLANG_WARN_SUSPICIOUS_MOVE = YES;
				CLANG_WARN_UNREACHABLE_CODE = YES;
				CLANG_WARN__DUPLICATE_METHOD_MATCH = YES;
				"CODE_SIGN_IDENTITY[sdk=iphoneos*]" = "iPhone Developer";
				COPY_PHASE_STRIP = NO;
				DEBUG_INFORMATION_FORMAT = dwarf;
				ENABLE_STRICT_OBJC_MSGSEND = YES;
				ENABLE_TESTABILITY = YES;
				GCC_C_LANGUAGE_STANDARD = gnu99;
				GCC_DYNAMIC_NO_PIC = NO;
				GCC_NO_COMMON_BLOCKS = YES;
				GCC_OPTIMIZATION_LEVEL = 0;
				GCC_PREPROCESSOR_DEFINITIONS = (
					"DEBUG=1",
					"$(inherited)",
				);
				GCC_WARN_64_TO_32_BIT_CONVERSION = YES;
				GCC_WARN_ABOUT_RETURN_TYPE = YES_ERROR;
				GCC_WARN_UNDECLARED_SELECTOR = YES;
				GCC_WARN_UNINITIALIZED_AUTOS = YES_AGGRESSIVE;
				GCC_WARN_UNUSED_FUNCTION = YES;
				GCC_WARN_UNUSED_VARIABLE = YES;
				IPHONEOS_DEPLOYMENT_TARGET = 10.3;
				MTL_ENABLE_DEBUG_INFO = YES;
				ONLY_ACTIVE_ARCH = YES;
				SDKROOT = iphoneos;
				TARGETED_DEVICE_FAMILY = "1,2";
			};
			name = Debug;
		};
		C868ECAD1E9585DC008449A3 /* Release */ = {
			isa = XCBuildConfiguration;
			buildSettings = {
				ALWAYS_SEARCH_USER_PATHS = NO;
				CLANG_ANALYZER_NONNULL = YES;
				CLANG_ANALYZER_NUMBER_OBJECT_CONVERSION = YES_AGGRESSIVE;
				CLANG_CXX_LANGUAGE_STANDARD = "gnu++0x";
				CLANG_CXX_LIBRARY = "libc++";
				CLANG_ENABLE_MODULES = YES;
				CLANG_ENABLE_OBJC_ARC = YES;
				CLANG_WARN_BOOL_CONVERSION = YES;
				CLANG_WARN_CONSTANT_CONVERSION = YES;
				CLANG_WARN_DIRECT_OBJC_ISA_USAGE = YES_ERROR;
				CLANG_WARN_DOCUMENTATION_COMMENTS = YES;
				CLANG_WARN_EMPTY_BODY = YES;
				CLANG_WARN_ENUM_CONVERSION = YES;
				CLANG_WARN_INFINITE_RECURSION = YES;
				CLANG_WARN_INT_CONVERSION = YES;
				CLANG_WARN_OBJC_ROOT_CLASS = YES_ERROR;
				CLANG_WARN_SUSPICIOUS_MOVE = YES;
				CLANG_WARN_UNREACHABLE_CODE = YES;
				CLANG_WARN__DUPLICATE_METHOD_MATCH = YES;
				"CODE_SIGN_IDENTITY[sdk=iphoneos*]" = "iPhone Developer";
				COPY_PHASE_STRIP = NO;
				DEBUG_INFORMATION_FORMAT = "dwarf-with-dsym";
				ENABLE_NS_ASSERTIONS = NO;
				ENABLE_STRICT_OBJC_MSGSEND = YES;
				GCC_C_LANGUAGE_STANDARD = gnu99;
				GCC_NO_COMMON_BLOCKS = YES;
				GCC_WARN_64_TO_32_BIT_CONVERSION = YES;
				GCC_WARN_ABOUT_RETURN_TYPE = YES_ERROR;
				GCC_WARN_UNDECLARED_SELECTOR = YES;
				GCC_WARN_UNINITIALIZED_AUTOS = YES_AGGRESSIVE;
				GCC_WARN_UNUSED_FUNCTION = YES;
				GCC_WARN_UNUSED_VARIABLE = YES;
				IPHONEOS_DEPLOYMENT_TARGET = 10.3;
				MTL_ENABLE_DEBUG_INFO = NO;
				SDKROOT = iphoneos;
				TARGETED_DEVICE_FAMILY = "1,2";
				VALIDATE_PRODUCT = YES;
			};
			name = Release;
		};
		C868ECAF1E9585DC008449A3 /* Debug */ = {
			isa = XCBuildConfiguration;
			buildSettings = {
				ALWAYS_SEARCH_USER_PATHS = YES;
				ASSETCATALOG_COMPILER_APPICON_NAME = AppIcon;
				DEVELOPMENT_TEAM = LS84KU9524;
				ENABLE_BITCODE = NO;
				FRAMEWORK_SEARCH_PATHS = (
					/usr/local/lib,
					"$(PROJECT_DIR)",
				);
				HEADER_SEARCH_PATHS = /usr/local/include;
				INFOPLIST_FILE = cvSudoku/Info.plist;
				IPHONEOS_DEPLOYMENT_TARGET = 8.4;
				LD_RUNPATH_SEARCH_PATHS = "$(inherited) @executable_path/Frameworks";
				LIBRARY_SEARCH_PATHS = (
					/Users/yanghanyu/XcodeProject/cvapps/cvSudoku,
					"$(PROJECT_DIR)/cvSudoku",
				);
				PRODUCT_BUNDLE_IDENTIFIER = xis.cvSudoku;
				PRODUCT_NAME = "$(TARGET_NAME)";
			};
			name = Debug;
		};
		C868ECB01E9585DC008449A3 /* Release */ = {
			isa = XCBuildConfiguration;
			buildSettings = {
				ALWAYS_SEARCH_USER_PATHS = YES;
				ASSETCATALOG_COMPILER_APPICON_NAME = AppIcon;
				DEVELOPMENT_TEAM = LS84KU9524;
				ENABLE_BITCODE = NO;
				FRAMEWORK_SEARCH_PATHS = (
					/usr/local/lib,
					"$(PROJECT_DIR)",
				);
				HEADER_SEARCH_PATHS = /usr/local/include;
				INFOPLIST_FILE = cvSudoku/Info.plist;
				IPHONEOS_DEPLOYMENT_TARGET = 8.4;
				LD_RUNPATH_SEARCH_PATHS = "$(inherited) @executable_path/Frameworks";
				LIBRARY_SEARCH_PATHS = (
					/Users/yanghanyu/XcodeProject/cvapps/cvSudoku,
					"$(PROJECT_DIR)/cvSudoku",
				);
				PRODUCT_BUNDLE_IDENTIFIER = xis.cvSudoku;
				PRODUCT_NAME = "$(TARGET_NAME)";
			};
			name = Release;
		};
/* End XCBuildConfiguration section */

/* Begin XCConfigurationList section */
		C868EC921E9585DB008449A3 /* Build configuration list for PBXProject "cvSudoku" */ = {
			isa = XCConfigurationList;
			buildConfigurations = (
				C868ECAC1E9585DC008449A3 /* Debug */,
				C868ECAD1E9585DC008449A3 /* Release */,
			);
			defaultConfigurationIsVisible = 0;
			defaultConfigurationName = Release;
		};
		C868ECAE1E9585DC008449A3 /* Build configuration list for PBXNativeTarget "cvSudoku" */ = {
			isa = XCConfigurationList;
			buildConfigurations = (
				C868ECAF1E9585DC008449A3 /* Debug */,
				C868ECB01E9585DC008449A3 /* Release */,
			);
			defaultConfigurationIsVisible = 0;
			defaultConfigurationName = Release;
		};
/* End XCConfigurationList section */
	};
	rootObject = C868EC8F1E9585DB008449A3 /* Project object */;
}
